
Microsoft Visual Studio Solution File, Format Version 12.00
# Visual Studio 2015
Project("{FAE04EC0-301F-11D3-BF4B-00C04F79EFBC}") = "spectr vis.Plugins", "spectr vis.Plugins.csproj", "{5DA34BFE-D2A0-93FC-088B-84D4A1B1088F}"
EndProject
Project("{FAE04EC0-301F-11D3-BF4B-00C04F79EFBC}") = "spectr vis", "spectr vis.csproj", "{F6BEF3EA-6C69-C754-0307-5CDC4DB46E00}"
EndProject
Project("{FAE04EC0-301F-11D3-BF4B-00C04F79EFBC}") = "spectr vis.Editor", "spectr vis.Editor.csproj", "{3152C34E-7E62-BABA-B0D7-AF2D9D19DEC3}"
EndProject
Global
	GlobalSection(SolutionConfigurationPlatforms) = preSolution
		Debug|Any CPU = Debug|Any CPU
		Release|Any CPU = Release|Any CPU
	EndGlobalSection
	GlobalSection(ProjectConfigurationPlatforms) = postSolution
		{5DA34BFE-D2A0-93FC-088B-84D4A1B1088F}.Debug|Any CPU.ActiveCfg = Debug|Any CPU
		{5DA34BFE-D2A0-93FC-088B-84D4A1B1088F}.Debug|Any CPU.Build.0 = Debug|Any CPU
		{5DA34BFE-D2A0-93FC-088B-84D4A1B1088F}.Release|Any CPU.ActiveCfg = Release|Any CPU
		{5DA34BFE-D2A0-93FC-088B-84D4A1B1088F}.Release|Any CPU.Build.0 = Release|Any CPU
		{F6BEF3EA-6C69-C754-0307-5CDC4DB46E00}.Debug|Any CPU.ActiveCfg = Debug|Any CPU
		{F6BEF3EA-6C69-C754-0307-5CDC4DB46E00}.Debug|Any CPU.Build.0 = Debug|Any CPU
		{F6BEF3EA-6C69-C754-0307-5CDC4DB46E00}.Release|Any CPU.ActiveCfg = Release|Any CPU
		{F6BEF3EA-6C69-C754-0307-5CDC4DB46E00}.Release|Any CPU.Build.0 = Release|Any CPU
		{3152C34E-7E62-BABA-B0D7-AF2D9D19DEC3}.Debug|Any CPU.ActiveCfg = Debug|Any CPU
		{3152C34E-7E62-BABA-B0D7-AF2D9D19DEC3}.Debug|Any CPU.Build.0 = Debug|Any CPU
		{3152C34E-7E62-BABA-B0D7-AF2D9D19DEC3}.Release|Any CPU.ActiveCfg = Release|Any CPU
		{3152C34E-7E62-BABA-B0D7-AF2D9D19DEC3}.Release|Any CPU.Build.0 = Release|Any CPU
	EndGlobalSection
	GlobalSection(SolutionProperties) = preSolution
		HideSolutionNode = FALSE
	EndGlobalSection
EndGlobal
